<?xml version="1.0" encoding="UTF-8" standalone="yes" ?>
<CodeBlocks_project_file>
	<FileVersion major="1" minor="6" />
	<Project>
		<Option title="Roman" />
		<Option pch_mode="2" />
		<Option compiler="gcc" />
		<Build>
			<Target title="Debug">
				<Option output="Roman" prefix_auto="1" extension_auto="1" />
				<Option object_output="C:/C_APPS/Roman" />
				<Option type="1" />
				<Option compiler="gcc" />
				<Compiler>
					<Add option="-g" />
				</Compiler>
			</Target>
			<Target title="Release">
				<Option output="Roman" prefix_auto="1" extension_auto="1" />
				<Option object_output="C:/C_APPS/Roman" />
				<Option type="1" />
				<Option compiler="gcc" />
				<Compiler>
					<Add option="-O2" />
				</Compiler>
				<Linker>
					<Add option="-s" />
				</Linker>
			</Target>
		</Build>
		<Compiler>
			<Add option="-Wall" />
		</Compiler>
		<Unit filename="src/AST.c">
			<Option compilerVar="CC" />
		</Unit>
		<Unit filename="src/include/AST.h" />
		<Unit filename="src/include/builtin.h" />
		<Unit filename="src/include/lexer.h" />
		<Unit filename="src/include/main.h" />
		<Unit filename="src/include/parser.h" />
		<Unit filename="src/include/scope.h" />
		<Unit filename="src/include/token.h" />
		<Unit filename="src/include/visitor.h" />
		<Unit filename="src/lexer.c">
			<Option compilerVar="CC" />
		</Unit>
		<Unit filename="src/main.c">
			<Option compilerVar="CC" />
		</Unit>
		<Unit filename="src/parser.c">
			<Option compilerVar="CC" />
		</Unit>
		<Unit filename="src/scope.c">
			<Option compilerVar="CC" />
		</Unit>
		<Unit filename="src/token.c">
			<Option compilerVar="CC" />
		</Unit>
		<Unit filename="src/visitor.c">
			<Option compilerVar="CC" />
		</Unit>
		<Extensions />
	</Project>
</CodeBlocks_project_file>
